
Microsoft Visual Studio Solution File, Format Version 12.00
Project("{2150E333-8FDC-42A3-9474-1A3956D46DE8}") = "BackEnd", "BackEnd", "{1AE8ACA6-933B-BF2A-3671-3E2EAC007D16}"
EndProject
Project("{2150E333-8FDC-42A3-9474-1A3956D46DE8}") = "0-Shared", "0-Shared", "{58CD3FB4-C424-9C8B-31C3-323E58A1B8A6}"
EndProject
Project("{FAE04EC0-301F-11D3-BF4B-00C04F79EFBC}") = "GoodHamburger.Shared", "BackEnd\0-Shared\GoodHamburger.Shared\GoodHamburger.Shared.csproj", "{E251AE5A-0D4A-43E4-BD76-2E0488CADA44}"
EndProject
Project("{2150E333-8FDC-42A3-9474-1A3956D46DE8}") = "1-Domain", "1-Domain", "{F2E6DEDF-8766-5B2D-EDF0-53A2199CE780}"
EndProject
Project("{FAE04EC0-301F-11D3-BF4B-00C04F79EFBC}") = "GoodHamburger.Domain", "BackEnd\1-Domain\GoodHamburger.Domain\GoodHamburger.Domain.csproj", "{513AC79B-6B22-4D01-BAD8-B84C1AEF9FCB}"
EndProject
Project("{2150E333-8FDC-42A3-9474-1A3956D46DE8}") = "2-Application", "2-Application", "{B2608D16-A9F8-4AF2-9924-2EEF79034957}"
EndProject
Project("{FAE04EC0-301F-11D3-BF4B-00C04F79EFBC}") = "GoodHamburger.Application", "BackEnd\2-Application\GoodHamburger.Application\GoodHamburger.Application.csproj", "{FF6442B1-5A6B-4CE3-8B36-80B869F8F19D}"
EndProject
Project("{2150E333-8FDC-42A3-9474-1A3956D46DE8}") = "3-Infrastructure", "3-Infrastructure", "{9A5D0913-8971-99E9-7905-4136579DAD91}"
EndProject
Project("{FAE04EC0-301F-11D3-BF4B-00C04F79EFBC}") = "GoodHamburger.Infrastructure", "BackEnd\3-Infrastructure\GoodHamburger.Infrastructure\GoodHamburger.Infrastructure.csproj", "{34FA6102-ADDA-4B0F-B4A4-870F9E93389C}"
EndProject
Project("{2150E333-8FDC-42A3-9474-1A3956D46DE8}") = "4-Presentation", "4-Presentation", "{FC44089B-23F6-27D0-B1BE-D772B2D5D269}"
EndProject
Project("{FAE04EC0-301F-11D3-BF4B-00C04F79EFBC}") = "GoodHamburger.Api", "BackEnd\4-Presentation\GoodHamburger.Api\GoodHamburger.Api.csproj", "{DCF587EE-6D13-47D5-8F4C-784BF13CB751}"
EndProject
Project("{FAE04EC0-301F-11D3-BF4B-00C04F79EFBC}") = "GoodHamburger.Database", "BackEnd\3-Infrastructure\GoodHamburger.Database\GoodHamburger.Database.csproj", "{9FC6880F-C01C-4877-A5E8-AB690CA0BFE8}"
EndProject
Project("{FAE04EC0-301F-11D3-BF4B-00C04F79EFBC}") = "GoodHamburger.Observability", "BackEnd\3-Infrastructure\GoodHamburger.Observability\GoodHamburger.Observability.csproj", "{5BC6E410-08BA-4680-9A41-B47F6EA9B903}"
EndProject
Project("{2150E333-8FDC-42A3-9474-1A3956D46DE8}") = "5-Test", "5-Test", "{7AACC46E-ED5E-4788-6480-5B42B529BBA5}"
EndProject
Project("{2150E333-8FDC-42A3-9474-1A3956D46DE8}") = "GoodHamburger.Test", "GoodHamburger.Test", "{E9AD9CB5-7A1C-BBDF-92FD-27EA41F0D341}"
EndProject
Project("{FAE04EC0-301F-11D3-BF4B-00C04F79EFBC}") = "Goodhamburger.Test", "BackEnd\5-Test\GoodHamburger.Test\Goodhamburger.Test.csproj", "{50E3C8BF-3BA5-4C02-8CD3-F6F181DB55D7}"
EndProject
Global
	GlobalSection(SolutionConfigurationPlatforms) = preSolution
		Debug|Any CPU = Debug|Any CPU
		Debug|x64 = Debug|x64
		Debug|x86 = Debug|x86
		Release|Any CPU = Release|Any CPU
		Release|x64 = Release|x64
		Release|x86 = Release|x86
	EndGlobalSection
	GlobalSection(ProjectConfigurationPlatforms) = postSolution
		{E251AE5A-0D4A-43E4-BD76-2E0488CADA44}.Debug|Any CPU.ActiveCfg = Debug|Any CPU
		{E251AE5A-0D4A-43E4-BD76-2E0488CADA44}.Debug|Any CPU.Build.0 = Debug|Any CPU
		{E251AE5A-0D4A-43E4-BD76-2E0488CADA44}.Debug|x64.ActiveCfg = Debug|Any CPU
		{E251AE5A-0D4A-43E4-BD76-2E0488CADA44}.Debug|x64.Build.0 = Debug|Any CPU
		{E251AE5A-0D4A-43E4-BD76-2E0488CADA44}.Debug|x86.ActiveCfg = Debug|Any CPU
		{E251AE5A-0D4A-43E4-BD76-2E0488CADA44}.Debug|x86.Build.0 = Debug|Any CPU
		{E251AE5A-0D4A-43E4-BD76-2E0488CADA44}.Release|Any CPU.ActiveCfg = Release|Any CPU
		{E251AE5A-0D4A-43E4-BD76-2E0488CADA44}.Release|Any CPU.Build.0 = Release|Any CPU
		{E251AE5A-0D4A-43E4-BD76-2E0488CADA44}.Release|x64.ActiveCfg = Release|Any CPU
		{E251AE5A-0D4A-43E4-BD76-2E0488CADA44}.Release|x64.Build.0 = Release|Any CPU
		{E251AE5A-0D4A-43E4-BD76-2E0488CADA44}.Release|x86.ActiveCfg = Release|Any CPU
		{E251AE5A-0D4A-43E4-BD76-2E0488CADA44}.Release|x86.Build.0 = Release|Any CPU
		{513AC79B-6B22-4D01-BAD8-B84C1AEF9FCB}.Debug|Any CPU.ActiveCfg = Debug|Any CPU
		{513AC79B-6B22-4D01-BAD8-B84C1AEF9FCB}.Debug|Any CPU.Build.0 = Debug|Any CPU
		{513AC79B-6B22-4D01-BAD8-B84C1AEF9FCB}.Debug|x64.ActiveCfg = Debug|Any CPU
		{513AC79B-6B22-4D01-BAD8-B84C1AEF9FCB}.Debug|x64.Build.0 = Debug|Any CPU
		{513AC79B-6B22-4D01-BAD8-B84C1AEF9FCB}.Debug|x86.ActiveCfg = Debug|Any CPU
		{513AC79B-6B22-4D01-BAD8-B84C1AEF9FCB}.Debug|x86.Build.0 = Debug|Any CPU
		{513AC79B-6B22-4D01-BAD8-B84C1AEF9FCB}.Release|Any CPU.ActiveCfg = Release|Any CPU
		{513AC79B-6B22-4D01-BAD8-B84C1AEF9FCB}.Release|Any CPU.Build.0 = Release|Any CPU
		{513AC79B-6B22-4D01-BAD8-B84C1AEF9FCB}.Release|x64.ActiveCfg = Release|Any CPU
		{513AC79B-6B22-4D01-BAD8-B84C1AEF9FCB}.Release|x64.Build.0 = Release|Any CPU
		{513AC79B-6B22-4D01-BAD8-B84C1AEF9FCB}.Release|x86.ActiveCfg = Release|Any CPU
		{513AC79B-6B22-4D01-BAD8-B84C1AEF9FCB}.Release|x86.Build.0 = Release|Any CPU
		{FF6442B1-5A6B-4CE3-8B36-80B869F8F19D}.Debug|Any CPU.ActiveCfg = Debug|Any CPU
		{FF6442B1-5A6B-4CE3-8B36-80B869F8F19D}.Debug|Any CPU.Build.0 = Debug|Any CPU
		{FF6442B1-5A6B-4CE3-8B36-80B869F8F19D}.Debug|x64.ActiveCfg = Debug|Any CPU
		{FF6442B1-5A6B-4CE3-8B36-80B869F8F19D}.Debug|x64.Build.0 = Debug|Any CPU
		{FF6442B1-5A6B-4CE3-8B36-80B869F8F19D}.Debug|x86.ActiveCfg = Debug|Any CPU
		{FF6442B1-5A6B-4CE3-8B36-80B869F8F19D}.Debug|x86.Build.0 = Debug|Any CPU
		{FF6442B1-5A6B-4CE3-8B36-80B869F8F19D}.Release|Any CPU.ActiveCfg = Release|Any CPU
		{FF6442B1-5A6B-4CE3-8B36-80B869F8F19D}.Release|Any CPU.Build.0 = Release|Any CPU
		{FF6442B1-5A6B-4CE3-8B36-80B869F8F19D}.Release|x64.ActiveCfg = Release|Any CPU
		{FF6442B1-5A6B-4CE3-8B36-80B869F8F19D}.Release|x64.Build.0 = Release|Any CPU
		{FF6442B1-5A6B-4CE3-8B36-80B869F8F19D}.Release|x86.ActiveCfg = Release|Any CPU
		{FF6442B1-5A6B-4CE3-8B36-80B869F8F19D}.Release|x86.Build.0 = Release|Any CPU
		{34FA6102-ADDA-4B0F-B4A4-870F9E93389C}.Debug|Any CPU.ActiveCfg = Debug|Any CPU
		{34FA6102-ADDA-4B0F-B4A4-870F9E93389C}.Debug|Any CPU.Build.0 = Debug|Any CPU
		{34FA6102-ADDA-4B0F-B4A4-870F9E93389C}.Debug|x64.ActiveCfg = Debug|Any CPU
		{34FA6102-ADDA-4B0F-B4A4-870F9E93389C}.Debug|x64.Build.0 = Debug|Any CPU
		{34FA6102-ADDA-4B0F-B4A4-870F9E93389C}.Debug|x86.ActiveCfg = Debug|Any CPU
		{34FA6102-ADDA-4B0F-B4A4-870F9E93389C}.Debug|x86.Build.0 = Debug|Any CPU
		{34FA6102-ADDA-4B0F-B4A4-870F9E93389C}.Release|Any CPU.ActiveCfg = Release|Any CPU
		{34FA6102-ADDA-4B0F-B4A4-870F9E93389C}.Release|Any CPU.Build.0 = Release|Any CPU
		{34FA6102-ADDA-4B0F-B4A4-870F9E93389C}.Release|x64.ActiveCfg = Release|Any CPU
		{34FA6102-ADDA-4B0F-B4A4-870F9E93389C}.Release|x64.Build.0 = Release|Any CPU
		{34FA6102-ADDA-4B0F-B4A4-870F9E93389C}.Release|x86.ActiveCfg = Release|Any CPU
		{34FA6102-ADDA-4B0F-B4A4-870F9E93389C}.Release|x86.Build.0 = Release|Any CPU
		{DCF587EE-6D13-47D5-8F4C-784BF13CB751}.Debug|Any CPU.ActiveCfg = Debug|Any CPU
		{DCF587EE-6D13-47D5-8F4C-784BF13CB751}.Debug|Any CPU.Build.0 = Debug|Any CPU
		{DCF587EE-6D13-47D5-8F4C-784BF13CB751}.Debug|x64.ActiveCfg = Debug|Any CPU
		{DCF587EE-6D13-47D5-8F4C-784BF13CB751}.Debug|x64.Build.0 = Debug|Any CPU
		{DCF587EE-6D13-47D5-8F4C-784BF13CB751}.Debug|x86.ActiveCfg = Debug|Any CPU
		{DCF587EE-6D13-47D5-8F4C-784BF13CB751}.Debug|x86.Build.0 = Debug|Any CPU
		{DCF587EE-6D13-47D5-8F4C-784BF13CB751}.Release|Any CPU.ActiveCfg = Release|Any CPU
		{DCF587EE-6D13-47D5-8F4C-784BF13CB751}.Release|Any CPU.Build.0 = Release|Any CPU
		{DCF587EE-6D13-47D5-8F4C-784BF13CB751}.Release|x64.ActiveCfg = Release|Any CPU
		{DCF587EE-6D13-47D5-8F4C-784BF13CB751}.Release|x64.Build.0 = Release|Any CPU
		{DCF587EE-6D13-47D5-8F4C-784BF13CB751}.Release|x86.ActiveCfg = Release|Any CPU
		{DCF587EE-6D13-47D5-8F4C-784BF13CB751}.Release|x86.Build.0 = Release|Any CPU
		{9FC6880F-C01C-4877-A5E8-AB690CA0BFE8}.Debug|Any CPU.ActiveCfg = Debug|Any CPU
		{9FC6880F-C01C-4877-A5E8-AB690CA0BFE8}.Debug|Any CPU.Build.0 = Debug|Any CPU
		{9FC6880F-C01C-4877-A5E8-AB690CA0BFE8}.Debug|x64.ActiveCfg = Debug|Any CPU
		{9FC6880F-C01C-4877-A5E8-AB690CA0BFE8}.Debug|x64.Build.0 = Debug|Any CPU
		{9FC6880F-C01C-4877-A5E8-AB690CA0BFE8}.Debug|x86.ActiveCfg = Debug|Any CPU
		{9FC6880F-C01C-4877-A5E8-AB690CA0BFE8}.Debug|x86.Build.0 = Debug|Any CPU
		{9FC6880F-C01C-4877-A5E8-AB690CA0BFE8}.Release|Any CPU.ActiveCfg = Release|Any CPU
		{9FC6880F-C01C-4877-A5E8-AB690CA0BFE8}.Release|Any CPU.Build.0 = Release|Any CPU
		{9FC6880F-C01C-4877-A5E8-AB690CA0BFE8}.Release|x64.ActiveCfg = Release|Any CPU
		{9FC6880F-C01C-4877-A5E8-AB690CA0BFE8}.Release|x64.Build.0 = Release|Any CPU
		{9FC6880F-C01C-4877-A5E8-AB690CA0BFE8}.Release|x86.ActiveCfg = Release|Any CPU
		{9FC6880F-C01C-4877-A5E8-AB690CA0BFE8}.Release|x86.Build.0 = Release|Any CPU
		{5BC6E410-08BA-4680-9A41-B47F6EA9B903}.Debug|Any CPU.ActiveCfg = Debug|Any CPU
		{5BC6E410-08BA-4680-9A41-B47F6EA9B903}.Debug|Any CPU.Build.0 = Debug|Any CPU
		{5BC6E410-08BA-4680-9A41-B47F6EA9B903}.Debug|x64.ActiveCfg = Debug|Any CPU
		{5BC6E410-08BA-4680-9A41-B47F6EA9B903}.Debug|x64.Build.0 = Debug|Any CPU
		{5BC6E410-08BA-4680-9A41-B47F6EA9B903}.Debug|x86.ActiveCfg = Debug|Any CPU
		{5BC6E410-08BA-4680-9A41-B47F6EA9B903}.Debug|x86.Build.0 = Debug|Any CPU
		{5BC6E410-08BA-4680-9A41-B47F6EA9B903}.Release|Any CPU.ActiveCfg = Release|Any CPU
		{5BC6E410-08BA-4680-9A41-B47F6EA9B903}.Release|Any CPU.Build.0 = Release|Any CPU
		{5BC6E410-08BA-4680-9A41-B47F6EA9B903}.Release|x64.ActiveCfg = Release|Any CPU
		{5BC6E410-08BA-4680-9A41-B47F6EA9B903}.Release|x64.Build.0 = Release|Any CPU
		{5BC6E410-08BA-4680-9A41-B47F6EA9B903}.Release|x86.ActiveCfg = Release|Any CPU
		{5BC6E410-08BA-4680-9A41-B47F6EA9B903}.Release|x86.Build.0 = Release|Any CPU
		{50E3C8BF-3BA5-4C02-8CD3-F6F181DB55D7}.Debug|Any CPU.ActiveCfg = Debug|Any CPU
		{50E3C8BF-3BA5-4C02-8CD3-F6F181DB55D7}.Debug|Any CPU.Build.0 = Debug|Any CPU
		{50E3C8BF-3BA5-4C02-8CD3-F6F181DB55D7}.Debug|x64.ActiveCfg = Debug|Any CPU
		{50E3C8BF-3BA5-4C02-8CD3-F6F181DB55D7}.Debug|x64.Build.0 = Debug|Any CPU
		{50E3C8BF-3BA5-4C02-8CD3-F6F181DB55D7}.Debug|x86.ActiveCfg = Debug|Any CPU
		{50E3C8BF-3BA5-4C02-8CD3-F6F181DB55D7}.Debug|x86.Build.0 = Debug|Any CPU
		{50E3C8BF-3BA5-4C02-8CD3-F6F181DB55D7}.Release|Any CPU.ActiveCfg = Release|Any CPU
		{50E3C8BF-3BA5-4C02-8CD3-F6F181DB55D7}.Release|Any CPU.Build.0 = Release|Any CPU
		{50E3C8BF-3BA5-4C02-8CD3-F6F181DB55D7}.Release|x64.ActiveCfg = Release|Any CPU
		{50E3C8BF-3BA5-4C02-8CD3-F6F181DB55D7}.Release|x64.Build.0 = Release|Any CPU
		{50E3C8BF-3BA5-4C02-8CD3-F6F181DB55D7}.Release|x86.ActiveCfg = Release|Any CPU
		{50E3C8BF-3BA5-4C02-8CD3-F6F181DB55D7}.Release|x86.Build.0 = Release|Any CPU
	EndGlobalSection
	GlobalSection(SolutionProperties) = preSolution
		HideSolutionNode = FALSE
	EndGlobalSection
	GlobalSection(NestedProjects) = preSolution
		{58CD3FB4-C424-9C8B-31C3-323E58A1B8A6} = {1AE8ACA6-933B-BF2A-3671-3E2EAC007D16}
		{E251AE5A-0D4A-43E4-BD76-2E0488CADA44} = {58CD3FB4-C424-9C8B-31C3-323E58A1B8A6}
		{F2E6DEDF-8766-5B2D-EDF0-53A2199CE780} = {1AE8ACA6-933B-BF2A-3671-3E2EAC007D16}
		{513AC79B-6B22-4D01-BAD8-B84C1AEF9FCB} = {F2E6DEDF-8766-5B2D-EDF0-53A2199CE780}
		{B2608D16-A9F8-4AF2-9924-2EEF79034957} = {1AE8ACA6-933B-BF2A-3671-3E2EAC007D16}
		{FF6442B1-5A6B-4CE3-8B36-80B869F8F19D} = {B2608D16-A9F8-4AF2-9924-2EEF79034957}
		{9A5D0913-8971-99E9-7905-4136579DAD91} = {1AE8ACA6-933B-BF2A-3671-3E2EAC007D16}
		{34FA6102-ADDA-4B0F-B4A4-870F9E93389C} = {9A5D0913-8971-99E9-7905-4136579DAD91}
		{FC44089B-23F6-27D0-B1BE-D772B2D5D269} = {1AE8ACA6-933B-BF2A-3671-3E2EAC007D16}
		{DCF587EE-6D13-47D5-8F4C-784BF13CB751} = {FC44089B-23F6-27D0-B1BE-D772B2D5D269}
		{9FC6880F-C01C-4877-A5E8-AB690CA0BFE8} = {9A5D0913-8971-99E9-7905-4136579DAD91}
		{5BC6E410-08BA-4680-9A41-B47F6EA9B903} = {9A5D0913-8971-99E9-7905-4136579DAD91}
		{7AACC46E-ED5E-4788-6480-5B42B529BBA5} = {1AE8ACA6-933B-BF2A-3671-3E2EAC007D16}
		{E9AD9CB5-7A1C-BBDF-92FD-27EA41F0D341} = {7AACC46E-ED5E-4788-6480-5B42B529BBA5}
		{50E3C8BF-3BA5-4C02-8CD3-F6F181DB55D7} = {E9AD9CB5-7A1C-BBDF-92FD-27EA41F0D341}
	EndGlobalSection
EndGlobal
